
Microsoft Visual Studio Solution File, Format Version 12.00
# Visual Studio Version 17
VisualStudioVersion = 17.0.31903.59
MinimumVisualStudioVersion = 10.0.40219.1
Project("{2150E333-8FDC-42A3-9474-1A3956D46DE8}") = "src", "src", "{B9B9D272-1201-4E3E-91C9-6C6ADD37FC6B}"
EndProject
Project("{2150E333-8FDC-42A3-9474-1A3956D46DE8}") = "Shared", "Shared", "{DDAAFAE5-3D38-43F6-8BD8-53087D718B57}"
EndProject
Project("{FAE04EC0-301F-11D3-BF4B-00C04F79EFBC}") = "Shared.Contracts", "src\Shared\Shared.Contracts\Shared.Contracts.csproj", "{F4CE50B3-711F-4A88-A782-9CEBF010034B}"
EndProject
Project("{FAE04EC0-301F-11D3-BF4B-00C04F79EFBC}") = "Shared.Domain", "src\Shared\Shared.Domain\Shared.Domain.csproj", "{23CAED40-85F2-4F71-A87F-CF4B5111B723}"
EndProject
Project("{FAE04EC0-301F-11D3-BF4B-00C04F79EFBC}") = "Shared.Infrastructure", "src\Shared\Shared.Infrastructure\Shared.Infrastructure.csproj", "{078CF850-A7F2-449F-84BC-AE450716F5D8}"
EndProject
Project("{2150E333-8FDC-42A3-9474-1A3956D46DE8}") = "Services", "Services", "{F7505237-D6C2-43F8-9478-E5AEA5539B90}"
EndProject
Project("{FAE04EC0-301F-11D3-BF4B-00C04F79EFBC}") = "Badge.Service", "src\Services\Badge.Service\Badge.Service.csproj", "{A3CEB025-783B-4CAE-87FC-92D0EE122841}"
EndProject
Project("{FAE04EC0-301F-11D3-BF4B-00C04F79EFBC}") = "Event.Service", "src\Services\Event.Service\Event.Service.csproj", "{6B160F11-FA6F-497B-907A-620D642AFE7C}"
EndProject
Project("{FAE04EC0-301F-11D3-BF4B-00C04F79EFBC}") = "Notification.Service", "src\Services\Notification.Service\Notification.Service.csproj", "{6FD0ED50-7757-457A-9524-72F6BE1A39D3}"
EndProject
Project("{FAE04EC0-301F-11D3-BF4B-00C04F79EFBC}") = "Point.Service", "src\Services\Point.Service\Point.Service.csproj", "{4F4B8ED8-F708-44A8-AEC2-5375D280EBFB}"
EndProject
Project("{FAE04EC0-301F-11D3-BF4B-00C04F79EFBC}") = "User.Service", "src\Services\User.Service\User.Service.csproj", "{32D06680-4810-489F-9B80-2E3B97534C45}"
EndProject
Project("{FAE04EC0-301F-11D3-BF4B-00C04F79EFBC}") = "Wallet.Service", "src\Services\Wallet.Service\Wallet.Service.csproj", "{F4EAE201-18F7-4C2E-847A-639F345C1831}"
EndProject
Project("{2150E333-8FDC-42A3-9474-1A3956D46DE8}") = "tests", "tests", "{3E06D74E-3E4C-45EE-8B3C-6E1366962198}"
EndProject
Project("{FAE04EC0-301F-11D3-BF4B-00C04F79EFBC}") = "Integration.Tests", "tests\Integration.Tests\Integration.Tests.csproj", "{D3192D18-DB23-49E7-A19D-4A216F8B17E0}"
EndProject
Project("{FAE04EC0-301F-11D3-BF4B-00C04F79EFBC}") = "Unit.Tests", "tests\Unit.Tests\Unit.Tests.csproj", "{4A159A28-9C15-4F90-A880-9B54C84DC2CB}"
EndProject
Project("{FAE04EC0-301F-11D3-BF4B-00C04F79EFBC}") = "ApiGateway", "src\ApiGateway\ApiGateway.csproj", "{4158E3A7-DB0A-46BE-BD00-5A462C949010}"
EndProject
Global
	GlobalSection(SolutionConfigurationPlatforms) = preSolution
		Debug|Any CPU = Debug|Any CPU
		Release|Any CPU = Release|Any CPU
	EndGlobalSection
	GlobalSection(SolutionProperties) = preSolution
		HideSolutionNode = FALSE
	EndGlobalSection
	GlobalSection(ProjectConfigurationPlatforms) = postSolution
		{F4CE50B3-711F-4A88-A782-9CEBF010034B}.Debug|Any CPU.ActiveCfg = Debug|Any CPU
		{F4CE50B3-711F-4A88-A782-9CEBF010034B}.Debug|Any CPU.Build.0 = Debug|Any CPU
		{F4CE50B3-711F-4A88-A782-9CEBF010034B}.Release|Any CPU.ActiveCfg = Release|Any CPU
		{F4CE50B3-711F-4A88-A782-9CEBF010034B}.Release|Any CPU.Build.0 = Release|Any CPU
		{23CAED40-85F2-4F71-A87F-CF4B5111B723}.Debug|Any CPU.ActiveCfg = Debug|Any CPU
		{23CAED40-85F2-4F71-A87F-CF4B5111B723}.Debug|Any CPU.Build.0 = Debug|Any CPU
		{23CAED40-85F2-4F71-A87F-CF4B5111B723}.Release|Any CPU.ActiveCfg = Release|Any CPU
		{23CAED40-85F2-4F71-A87F-CF4B5111B723}.Release|Any CPU.Build.0 = Release|Any CPU
		{078CF850-A7F2-449F-84BC-AE450716F5D8}.Debug|Any CPU.ActiveCfg = Debug|Any CPU
		{078CF850-A7F2-449F-84BC-AE450716F5D8}.Debug|Any CPU.Build.0 = Debug|Any CPU
		{078CF850-A7F2-449F-84BC-AE450716F5D8}.Release|Any CPU.ActiveCfg = Release|Any CPU
		{078CF850-A7F2-449F-84BC-AE450716F5D8}.Release|Any CPU.Build.0 = Release|Any CPU
		{A3CEB025-783B-4CAE-87FC-92D0EE122841}.Debug|Any CPU.ActiveCfg = Debug|Any CPU
		{A3CEB025-783B-4CAE-87FC-92D0EE122841}.Debug|Any CPU.Build.0 = Debug|Any CPU
		{A3CEB025-783B-4CAE-87FC-92D0EE122841}.Release|Any CPU.ActiveCfg = Release|Any CPU
		{A3CEB025-783B-4CAE-87FC-92D0EE122841}.Release|Any CPU.Build.0 = Release|Any CPU
		{6B160F11-FA6F-497B-907A-620D642AFE7C}.Debug|Any CPU.ActiveCfg = Debug|Any CPU
		{6B160F11-FA6F-497B-907A-620D642AFE7C}.Debug|Any CPU.Build.0 = Debug|Any CPU
		{6B160F11-FA6F-497B-907A-620D642AFE7C}.Release|Any CPU.ActiveCfg = Release|Any CPU
		{6B160F11-FA6F-497B-907A-620D642AFE7C}.Release|Any CPU.Build.0 = Release|Any CPU
		{6FD0ED50-7757-457A-9524-72F6BE1A39D3}.Debug|Any CPU.ActiveCfg = Debug|Any CPU
		{6FD0ED50-7757-457A-9524-72F6BE1A39D3}.Debug|Any CPU.Build.0 = Debug|Any CPU
		{6FD0ED50-7757-457A-9524-72F6BE1A39D3}.Release|Any CPU.ActiveCfg = Release|Any CPU
		{6FD0ED50-7757-457A-9524-72F6BE1A39D3}.Release|Any CPU.Build.0 = Release|Any CPU
		{4F4B8ED8-F708-44A8-AEC2-5375D280EBFB}.Debug|Any CPU.ActiveCfg = Debug|Any CPU
		{4F4B8ED8-F708-44A8-AEC2-5375D280EBFB}.Debug|Any CPU.Build.0 = Debug|Any CPU
		{4F4B8ED8-F708-44A8-AEC2-5375D280EBFB}.Release|Any CPU.ActiveCfg = Release|Any CPU
		{4F4B8ED8-F708-44A8-AEC2-5375D280EBFB}.Release|Any CPU.Build.0 = Release|Any CPU
		{32D06680-4810-489F-9B80-2E3B97534C45}.Debug|Any CPU.ActiveCfg = Debug|Any CPU
		{32D06680-4810-489F-9B80-2E3B97534C45}.Debug|Any CPU.Build.0 = Debug|Any CPU
		{32D06680-4810-489F-9B80-2E3B97534C45}.Release|Any CPU.ActiveCfg = Release|Any CPU
		{32D06680-4810-489F-9B80-2E3B97534C45}.Release|Any CPU.Build.0 = Release|Any CPU
		{F4EAE201-18F7-4C2E-847A-639F345C1831}.Debug|Any CPU.ActiveCfg = Debug|Any CPU
		{F4EAE201-18F7-4C2E-847A-639F345C1831}.Debug|Any CPU.Build.0 = Debug|Any CPU
		{F4EAE201-18F7-4C2E-847A-639F345C1831}.Release|Any CPU.ActiveCfg = Release|Any CPU
		{F4EAE201-18F7-4C2E-847A-639F345C1831}.Release|Any CPU.Build.0 = Release|Any CPU
		{D3192D18-DB23-49E7-A19D-4A216F8B17E0}.Debug|Any CPU.ActiveCfg = Debug|Any CPU
		{D3192D18-DB23-49E7-A19D-4A216F8B17E0}.Debug|Any CPU.Build.0 = Debug|Any CPU
		{D3192D18-DB23-49E7-A19D-4A216F8B17E0}.Release|Any CPU.ActiveCfg = Release|Any CPU
		{D3192D18-DB23-49E7-A19D-4A216F8B17E0}.Release|Any CPU.Build.0 = Release|Any CPU
		{4A159A28-9C15-4F90-A880-9B54C84DC2CB}.Debug|Any CPU.ActiveCfg = Debug|Any CPU
		{4A159A28-9C15-4F90-A880-9B54C84DC2CB}.Debug|Any CPU.Build.0 = Debug|Any CPU
		{4A159A28-9C15-4F90-A880-9B54C84DC2CB}.Release|Any CPU.ActiveCfg = Release|Any CPU
		{4A159A28-9C15-4F90-A880-9B54C84DC2CB}.Release|Any CPU.Build.0 = Release|Any CPU
		{4158E3A7-DB0A-46BE-BD00-5A462C949010}.Debug|Any CPU.ActiveCfg = Debug|Any CPU
		{4158E3A7-DB0A-46BE-BD00-5A462C949010}.Debug|Any CPU.Build.0 = Debug|Any CPU
		{4158E3A7-DB0A-46BE-BD00-5A462C949010}.Release|Any CPU.ActiveCfg = Release|Any CPU
		{4158E3A7-DB0A-46BE-BD00-5A462C949010}.Release|Any CPU.Build.0 = Release|Any CPU
	EndGlobalSection
	GlobalSection(NestedProjects) = preSolution
		{DDAAFAE5-3D38-43F6-8BD8-53087D718B57} = {B9B9D272-1201-4E3E-91C9-6C6ADD37FC6B}
		{F4CE50B3-711F-4A88-A782-9CEBF010034B} = {DDAAFAE5-3D38-43F6-8BD8-53087D718B57}
		{23CAED40-85F2-4F71-A87F-CF4B5111B723} = {DDAAFAE5-3D38-43F6-8BD8-53087D718B57}
		{078CF850-A7F2-449F-84BC-AE450716F5D8} = {DDAAFAE5-3D38-43F6-8BD8-53087D718B57}
		{F7505237-D6C2-43F8-9478-E5AEA5539B90} = {B9B9D272-1201-4E3E-91C9-6C6ADD37FC6B}
		{A3CEB025-783B-4CAE-87FC-92D0EE122841} = {F7505237-D6C2-43F8-9478-E5AEA5539B90}
		{6B160F11-FA6F-497B-907A-620D642AFE7C} = {F7505237-D6C2-43F8-9478-E5AEA5539B90}
		{6FD0ED50-7757-457A-9524-72F6BE1A39D3} = {F7505237-D6C2-43F8-9478-E5AEA5539B90}
		{4F4B8ED8-F708-44A8-AEC2-5375D280EBFB} = {F7505237-D6C2-43F8-9478-E5AEA5539B90}
		{32D06680-4810-489F-9B80-2E3B97534C45} = {F7505237-D6C2-43F8-9478-E5AEA5539B90}
		{F4EAE201-18F7-4C2E-847A-639F345C1831} = {F7505237-D6C2-43F8-9478-E5AEA5539B90}
		{D3192D18-DB23-49E7-A19D-4A216F8B17E0} = {3E06D74E-3E4C-45EE-8B3C-6E1366962198}
		{4A159A28-9C15-4F90-A880-9B54C84DC2CB} = {3E06D74E-3E4C-45EE-8B3C-6E1366962198}
		{4158E3A7-DB0A-46BE-BD00-5A462C949010} = {B9B9D272-1201-4E3E-91C9-6C6ADD37FC6B}
	EndGlobalSection
EndGlobal
